
Microsoft Visual Studio Solution File, Format Version 12.00
# Visual Studio 15
VisualStudioVersion = 15.0.28307.779
MinimumVisualStudioVersion = 10.0.40219.1
Project("{8BC9CEB8-8B4A-11D0-8D11-00A0C91BC942}") = "CloudCompare", "CloudCompare\CloudCompare.vcxproj", "{B12702AD-ABFB-343A-A199-8E24837244A3}"
EndProject
Project("{8BC9CEB8-8B4A-11D0-8D11-00A0C91BC942}") = "ccViewer", "ccViewer\ccViewer.vcxproj", "{73E74130-585E-4235-8ECB-47E51E2C3353}"
EndProject
Project("{8BC9CEB8-8B4A-11D0-8D11-00A0C91BC942}") = "ccCoreLib", "ccCoreLib\ccCoreLib.vcxproj", "{2E0B05B1-86F6-4510-B8F9-D49FD4DB97E2}"
EndProject
Project("{8BC9CEB8-8B4A-11D0-8D11-00A0C91BC942}") = "ccCoreDll", "ccCoreDll\ccCoreDll.vcxproj", "{EC793248-056C-48F2-99AA-571AECA5FB24}"
EndProject
Project("{8BC9CEB8-8B4A-11D0-8D11-00A0C91BC942}") = "ccFBOLib", "ccFBOLib\ccFBOLib.vcxproj", "{DD69635A-2F58-4637-A1A5-358CD1554365}"
EndProject
Project("{8BC9CEB8-8B4A-11D0-8D11-00A0C91BC942}") = "ccFBODll", "ccFBODll\ccFBODll.vcxproj", "{9DC62CF4-684F-4A6D-AC3E-E4A57E8BA346}"
EndProject
Project("{8BC9CEB8-8B4A-11D0-8D11-00A0C91BC942}") = "qccDBLib", "qccDBLib\qccDBLib.vcxproj", "{ACFC36AD-7095-45E0-B9F5-CE1E1525B361}"
EndProject
Project("{8BC9CEB8-8B4A-11D0-8D11-00A0C91BC942}") = "qccDBDll", "qccDBDll\qccDBDll.vcxproj", "{23699103-A948-4704-A324-585E905E38D5}"
EndProject
Project("{8BC9CEB8-8B4A-11D0-8D11-00A0C91BC942}") = "qccGLLib", "qccGLLib\qccGLLib.vcxproj", "{D48F9CE4-434B-4A76-8AAE-0EFE4E86E7DA}"
EndProject
Project("{8BC9CEB8-8B4A-11D0-8D11-00A0C91BC942}") = "qccGLDll", "qccGLDll\qccGLDll.vcxproj", "{D74E2387-682E-4AC4-94EB-AB3CB66E201D}"
EndProject
Project("{8BC9CEB8-8B4A-11D0-8D11-00A0C91BC942}") = "qccIOLib", "qccIOLib\qccIOLib.vcxproj", "{B089853A-4802-48A3-8F10-44DF95049DDE}"
EndProject
Project("{8BC9CEB8-8B4A-11D0-8D11-00A0C91BC942}") = "qccIODll", "qccIODll\qccIODll.vcxproj", "{B0B66ED8-D1D3-4E72-A91E-542228C5DDCB}"
EndProject
Project("{8BC9CEB8-8B4A-11D0-8D11-00A0C91BC942}") = "qccCoreIOPlugin", "qccCoreIOPlugin\qccCoreIOPlugin.vcxproj", "{236BFA62-9F21-4D5C-B99D-3B3B131AC7FF}"
EndProject
Project("{2150E333-8FDC-42A3-9474-1A3956D46DE8}") = "Plugins", "Plugins", "{35834A27-E2F1-410D-AE98-D80A02DE07C3}"
EndProject
Project("{2150E333-8FDC-42A3-9474-1A3956D46DE8}") = "Libraries", "Libraries", "{906E2EC9-0382-4938-8292-0091D603018C}"
EndProject
Project("{8BC9CEB8-8B4A-11D0-8D11-00A0C91BC942}") = "qCustomPlotLib", "qCustomPlotLib\qCustomPlotLib.vcxproj", "{F1121AA0-CE62-4FA3-A53D-1647263C578F}"
EndProject
Project("{8BC9CEB8-8B4A-11D0-8D11-00A0C91BC942}") = "qCustomPlotDll", "qCustomPlotDll\qCustomPlotDll.vcxproj", "{48FF58BA-B3A8-442F-BF92-E819571273FB}"
EndProject
Project("{8BC9CEB8-8B4A-11D0-8D11-00A0C91BC942}") = "SSAOShader", "SSAOShader\SSAOShader.vcxproj", "{F2258D21-4AA7-4AC6-B061-09167E53E56A}"
EndProject
Project("{8BC9CEB8-8B4A-11D0-8D11-00A0C91BC942}") = "EDLShader", "EDLShader\EDLShader.vcxproj", "{147A856B-9D5F-4FCA-B613-9638611F854C}"
EndProject
Global
	GlobalSection(SolutionConfigurationPlatforms) = preSolution
		Debug|x64 = Debug|x64
		Release|x64 = Release|x64
	EndGlobalSection
	GlobalSection(ProjectConfigurationPlatforms) = postSolution
		{B12702AD-ABFB-343A-A199-8E24837244A3}.Debug|x64.ActiveCfg = Debug|x64
		{B12702AD-ABFB-343A-A199-8E24837244A3}.Debug|x64.Build.0 = Debug|x64
		{B12702AD-ABFB-343A-A199-8E24837244A3}.Release|x64.ActiveCfg = Release|x64
		{B12702AD-ABFB-343A-A199-8E24837244A3}.Release|x64.Build.0 = Release|x64
		{73E74130-585E-4235-8ECB-47E51E2C3353}.Debug|x64.ActiveCfg = Debug|x64
		{73E74130-585E-4235-8ECB-47E51E2C3353}.Debug|x64.Build.0 = Debug|x64
		{73E74130-585E-4235-8ECB-47E51E2C3353}.Release|x64.ActiveCfg = Release|x64
		{73E74130-585E-4235-8ECB-47E51E2C3353}.Release|x64.Build.0 = Release|x64
		{2E0B05B1-86F6-4510-B8F9-D49FD4DB97E2}.Debug|x64.ActiveCfg = Debug|x64
		{2E0B05B1-86F6-4510-B8F9-D49FD4DB97E2}.Debug|x64.Build.0 = Debug|x64
		{2E0B05B1-86F6-4510-B8F9-D49FD4DB97E2}.Release|x64.ActiveCfg = Release|x64
		{2E0B05B1-86F6-4510-B8F9-D49FD4DB97E2}.Release|x64.Build.0 = Release|x64
		{EC793248-056C-48F2-99AA-571AECA5FB24}.Debug|x64.ActiveCfg = Debug|x64
		{EC793248-056C-48F2-99AA-571AECA5FB24}.Debug|x64.Build.0 = Debug|x64
		{EC793248-056C-48F2-99AA-571AECA5FB24}.Release|x64.ActiveCfg = Release|x64
		{EC793248-056C-48F2-99AA-571AECA5FB24}.Release|x64.Build.0 = Release|x64
		{DD69635A-2F58-4637-A1A5-358CD1554365}.Debug|x64.ActiveCfg = Debug|x64
		{DD69635A-2F58-4637-A1A5-358CD1554365}.Debug|x64.Build.0 = Debug|x64
		{DD69635A-2F58-4637-A1A5-358CD1554365}.Release|x64.ActiveCfg = Release|x64
		{DD69635A-2F58-4637-A1A5-358CD1554365}.Release|x64.Build.0 = Release|x64
		{9DC62CF4-684F-4A6D-AC3E-E4A57E8BA346}.Debug|x64.ActiveCfg = Debug|x64
		{9DC62CF4-684F-4A6D-AC3E-E4A57E8BA346}.Debug|x64.Build.0 = Debug|x64
		{9DC62CF4-684F-4A6D-AC3E-E4A57E8BA346}.Release|x64.ActiveCfg = Release|x64
		{9DC62CF4-684F-4A6D-AC3E-E4A57E8BA346}.Release|x64.Build.0 = Release|x64
		{ACFC36AD-7095-45E0-B9F5-CE1E1525B361}.Debug|x64.ActiveCfg = Debug|x64
		{ACFC36AD-7095-45E0-B9F5-CE1E1525B361}.Debug|x64.Build.0 = Debug|x64
		{ACFC36AD-7095-45E0-B9F5-CE1E1525B361}.Release|x64.ActiveCfg = Release|x64
		{ACFC36AD-7095-45E0-B9F5-CE1E1525B361}.Release|x64.Build.0 = Release|x64
		{23699103-A948-4704-A324-585E905E38D5}.Debug|x64.ActiveCfg = Debug|x64
		{23699103-A948-4704-A324-585E905E38D5}.Debug|x64.Build.0 = Debug|x64
		{23699103-A948-4704-A324-585E905E38D5}.Release|x64.ActiveCfg = Release|x64
		{23699103-A948-4704-A324-585E905E38D5}.Release|x64.Build.0 = Release|x64
		{D48F9CE4-434B-4A76-8AAE-0EFE4E86E7DA}.Debug|x64.ActiveCfg = Debug|x64
		{D48F9CE4-434B-4A76-8AAE-0EFE4E86E7DA}.Debug|x64.Build.0 = Debug|x64
		{D48F9CE4-434B-4A76-8AAE-0EFE4E86E7DA}.Release|x64.ActiveCfg = Release|x64
		{D48F9CE4-434B-4A76-8AAE-0EFE4E86E7DA}.Release|x64.Build.0 = Release|x64
		{D74E2387-682E-4AC4-94EB-AB3CB66E201D}.Debug|x64.ActiveCfg = Debug|x64
		{D74E2387-682E-4AC4-94EB-AB3CB66E201D}.Debug|x64.Build.0 = Debug|x64
		{D74E2387-682E-4AC4-94EB-AB3CB66E201D}.Release|x64.ActiveCfg = Release|x64
		{D74E2387-682E-4AC4-94EB-AB3CB66E201D}.Release|x64.Build.0 = Release|x64
		{B089853A-4802-48A3-8F10-44DF95049DDE}.Debug|x64.ActiveCfg = Debug|x64
		{B089853A-4802-48A3-8F10-44DF95049DDE}.Debug|x64.Build.0 = Debug|x64
		{B089853A-4802-48A3-8F10-44DF95049DDE}.Release|x64.ActiveCfg = Release|x64
		{B089853A-4802-48A3-8F10-44DF95049DDE}.Release|x64.Build.0 = Release|x64
		{B0B66ED8-D1D3-4E72-A91E-542228C5DDCB}.Debug|x64.ActiveCfg = Debug|x64
		{B0B66ED8-D1D3-4E72-A91E-542228C5DDCB}.Debug|x64.Build.0 = Debug|x64
		{B0B66ED8-D1D3-4E72-A91E-542228C5DDCB}.Release|x64.ActiveCfg = Release|x64
		{B0B66ED8-D1D3-4E72-A91E-542228C5DDCB}.Release|x64.Build.0 = Release|x64
		{236BFA62-9F21-4D5C-B99D-3B3B131AC7FF}.Debug|x64.ActiveCfg = Debug|x64
		{236BFA62-9F21-4D5C-B99D-3B3B131AC7FF}.Debug|x64.Build.0 = Debug|x64
		{236BFA62-9F21-4D5C-B99D-3B3B131AC7FF}.Release|x64.ActiveCfg = Release|x64
		{236BFA62-9F21-4D5C-B99D-3B3B131AC7FF}.Release|x64.Build.0 = Release|x64
		{F1121AA0-CE62-4FA3-A53D-1647263C578F}.Debug|x64.ActiveCfg = Debug|x64
		{F1121AA0-CE62-4FA3-A53D-1647263C578F}.Debug|x64.Build.0 = Debug|x64
		{F1121AA0-CE62-4FA3-A53D-1647263C578F}.Release|x64.ActiveCfg = Release|x64
		{F1121AA0-CE62-4FA3-A53D-1647263C578F}.Release|x64.Build.0 = Release|x64
		{48FF58BA-B3A8-442F-BF92-E819571273FB}.Debug|x64.ActiveCfg = Debug|x64
		{48FF58BA-B3A8-442F-BF92-E819571273FB}.Debug|x64.Build.0 = Debug|x64
		{48FF58BA-B3A8-442F-BF92-E819571273FB}.Release|x64.ActiveCfg = Release|x64
		{48FF58BA-B3A8-442F-BF92-E819571273FB}.Release|x64.Build.0 = Release|x64
		{F2258D21-4AA7-4AC6-B061-09167E53E56A}.Debug|x64.ActiveCfg = Debug|x64
		{F2258D21-4AA7-4AC6-B061-09167E53E56A}.Debug|x64.Build.0 = Debug|x64
		{F2258D21-4AA7-4AC6-B061-09167E53E56A}.Release|x64.ActiveCfg = Release|x64
		{F2258D21-4AA7-4AC6-B061-09167E53E56A}.Release|x64.Build.0 = Release|x64
		{147A856B-9D5F-4FCA-B613-9638611F854C}.Debug|x64.ActiveCfg = Debug|x64
		{147A856B-9D5F-4FCA-B613-9638611F854C}.Debug|x64.Build.0 = Debug|x64
		{147A856B-9D5F-4FCA-B613-9638611F854C}.Release|x64.ActiveCfg = Release|x64
		{147A856B-9D5F-4FCA-B613-9638611F854C}.Release|x64.Build.0 = Release|x64
	EndGlobalSection
	GlobalSection(SolutionProperties) = preSolution
		HideSolutionNode = FALSE
	EndGlobalSection
	GlobalSection(NestedProjects) = preSolution
		{DD69635A-2F58-4637-A1A5-358CD1554365} = {906E2EC9-0382-4938-8292-0091D603018C}
		{9DC62CF4-684F-4A6D-AC3E-E4A57E8BA346} = {906E2EC9-0382-4938-8292-0091D603018C}
		{ACFC36AD-7095-45E0-B9F5-CE1E1525B361} = {906E2EC9-0382-4938-8292-0091D603018C}
		{23699103-A948-4704-A324-585E905E38D5} = {906E2EC9-0382-4938-8292-0091D603018C}
		{D48F9CE4-434B-4A76-8AAE-0EFE4E86E7DA} = {906E2EC9-0382-4938-8292-0091D603018C}
		{D74E2387-682E-4AC4-94EB-AB3CB66E201D} = {906E2EC9-0382-4938-8292-0091D603018C}
		{B089853A-4802-48A3-8F10-44DF95049DDE} = {906E2EC9-0382-4938-8292-0091D603018C}
		{B0B66ED8-D1D3-4E72-A91E-542228C5DDCB} = {906E2EC9-0382-4938-8292-0091D603018C}
		{236BFA62-9F21-4D5C-B99D-3B3B131AC7FF} = {35834A27-E2F1-410D-AE98-D80A02DE07C3}
		{F1121AA0-CE62-4FA3-A53D-1647263C578F} = {906E2EC9-0382-4938-8292-0091D603018C}
		{48FF58BA-B3A8-442F-BF92-E819571273FB} = {906E2EC9-0382-4938-8292-0091D603018C}
		{F2258D21-4AA7-4AC6-B061-09167E53E56A} = {35834A27-E2F1-410D-AE98-D80A02DE07C3}
		{147A856B-9D5F-4FCA-B613-9638611F854C} = {35834A27-E2F1-410D-AE98-D80A02DE07C3}
	EndGlobalSection
	GlobalSection(ExtensibilityGlobals) = postSolution
		SolutionGuid = {0186874E-8020-4A74-B2A7-042192F81A39}
	EndGlobalSection
EndGlobal
